github.com/beorn7/perks v1.0.1 h1:VlbKKnNfV8bJzeqoa4cOKqO6bYr3WgKZxO8Z16+hsOM=
github.com/beorn7/perks v1.0.1/go.mod h1:G2ZrVWU2WbWT9wwq4/hrbKbnv/1ERSJQ0ibhJ6rlkpw=
github.com/cespare/xxhash/v2 v2.2.0 h1:DC2CZ1Ep5Y4k3ZQ899DldepgrayRUGE6BBZ/cd9Cj44=
github.com/cespare/xxhash/v2 v2.2.0/go.mod h1:VGX0DQ3Q6kWi7AoAeZDth3/j3BFtOZR5XLFGgcrjCOs=
github.com/davecgh/go-spew v1.1.1 h1:vj9j/u1bqnvCEfJOwUhtlOARqs3+rkHYY13jYWTU97c=
github.com/davecgh/go-spew v1.1.1/go.mod h1:J7Y8YcW2NihsgmVo/mv3lAwl/skON4iLHjSsI+c5H38=
github.com/dustin/go-humanize v1.0.1 h1:GzkhY7T5VNhEkwH0PVJgjz+fX1rhBrR7pRT3mDkpeCY=
github.com/dustin/go-humanize v1.0.1/go.mod h1:Mu1zIs6XwVuF/gI1OepvI0qD18qycQx+mFykh5fBlto=
github.com/golang/protobuf v1.5.4 h1:i7eJL8qZTpSEXOPTxNKhASYpMn+8e5Q6AdndVa1dWek=
github.com/golang/protobuf v1.5.4/go.mod h1:lnTiLA8Wa4RWRcIUkrtSVa5nRhsEGBg48fD6rSs7xps=
github.com/google/go-cmp v0.6.0 h1:ofyhxvXcZhMsU5ulbFiLKl/XBFqE1GSq7atu8tAmTRI=
github.com/google/go-cmp v0.6.0/go.mod h1:17dUlkBOakJ0+DkrSSNjCkIjxS6bF9zb3elmeNGIjoY=
github.com/grafana/pyroscope-go v1.1.1 h1:PQoUU9oWtO3ve/fgIiklYuGilvsm8qaGhlY4Vw6MAcQ=
github.com/grafana/pyroscope-go v1.1.1/go.mod h1:Mw26jU7jsL/KStNSGGuuVYdUq7Qghem5P8aXYXSXG88=
github.com/grafana/pyroscope-go/godeltaprof v0.1.7 h1:C11j63y7gymiW8VugJ9ZW0pWfxTZugdSJyC48olk5KY=
github.com/grafana/pyroscope-go/godeltaprof v0.1.7/go.mod h1:Tk376Nbldo4Cha9RgiU7ik8WKFkNpfds98aUzS8omLE=
github.com/klauspost/compress v1.17.3/go.mod h1:/dCuZOvVtNoHsyb+cuJD3itjs3NbnF6KH9zAO4BDxPM=
github.com/klauspost/compress v1.17.7 h1:ehO88t2UGzQK66LMdE8tibEd1ErmzZjNEqWkjLAKQQg=
github.com/klauspost/compress v1.17.7/go.mod h1:Di0epgTjJY877eYKx5yC51cX2A2Vl2ibi7bDH9ttBbw=
github.com/kr/pretty v0.3.1 h1:flRD4NNwYAUpkphVc1HcthR4KEIFJ65n8Mw5qdRn3LE=
github.com/kr/pretty v0.3.1/go.mod h1:hoEshYVHaxMs3cyo3Yncou5ZscifuDolrwPKZanG3xk=
github.com/kr/text v0.2.0 h1:5Nx0Ya0ZqY2ygV366QzturHI13Jq95ApcVaJBhpS+AY=
github.com/kr/text v0.2.0/go.mod h1:eLer722TekiGuMkidMxC/pM04lWEeraHUUmBw8l2grE=
github.com/lib/pq v1.10.9 h1:YXG7RB+JIjhP29X+OtkiDnYaXQwpS4JEWq7dtCCRUEw=
github.com/lib/pq v1.10.9/go.mod h1:AlVN5x4E4T544tWzH6hKfbfQvm3HdbOxrmggDNAPY9o=
github.com/prometheus/client_golang v1.19.0 h1:ygXvpU1AoN1MhdzckN+PyD9QJOSD4x7kmXYlnfbA6JU=
github.com/prometheus/client_golang v1.19.0/go.mod h1:ZRM9uEAypZakd+q/x7+gmsvXdURP+DABIEIjnmDdp+k=
github.com/prometheus/client_model v0.6.0 h1:k1v3CzpSRUTrKMppY35TLwPvxHqBu0bYgxZzqGIgaos=
github.com/prometheus/client_model v0.6.0/go.mod h1:NTQHnmxFpouOD0DpvP4XujX3CdOAGQPoaGhyTchlyt8=
github.com/prometheus/common v0.50.0 h1:YSZE6aa9+luNa2da6/Tik0q0A5AbR+U003TItK57CPQ=
github.com/prometheus/common v0.50.0/go.mod h1:wHFBCEVWVmHMUpg7pYcOm2QUR/ocQdYSJVQJKnHc3xQ=
github.com/prometheus/procfs v0.13.0 h1:GqzLlQyfsPbaEHaQkO7tbDlriv/4o5Hudv6OXHGKX7o=
github.com/prometheus/procfs v0.13.0/go.mod h1:cd4PFCR54QLnGKPaKGA6l+cfuNXtht43ZKY6tow0Y1g=
github.com/rogpeppe/go-internal v1.10.0 h1:TMyTOH3F/DB16zRVcYyreMH6GnZZrwQVAoYjRBZyWFQ=
github.com/rogpeppe/go-internal v1.10.0/go.mod h1:UQnix2H7Ngw/k4C5ijL5+65zddjncjaFoBhdsK/akog=
golang.conradwood.net/apis/antidos v1.1.2777 h1:xwxjiUmDl69ivtnXS3uPc4G/nNYCvQaYKXD06sC2mVI=
golang.conradwood.net/apis/antidos v1.1.2777/go.mod h1:eAnJ2Kc4fI0oOr40YXftVFJP8bdmD6QQj2DLga9E1fI=
golang.conradwood.net/apis/auth v1.1.2943 h1:Fg5vdLuPNZU81nuhQMdu5Va0gp7g93w5rfcneACIPKE=
golang.conradwood.net/apis/auth v1.1.2943/go.mod h1:lZub2UZG5w/S7rVM75v+HqfwozSv08Fk+u59Nax/QHo=
golang.conradwood.net/apis/autodeployer v1.1.2878 h1:CL0Afk1bzD+WJGtky/yS/imRNJgznX0zOonGamCFBzU=
golang.conradwood.net/apis/autodeployer v1.1.2878/go.mod h1:ItqDh5eJSCoz3x03guJhz15CngVCICZEfx481UBEIss=
golang.conradwood.net/apis/common v1.1.2943 h1:14mlNpu+dEG/6yawysEB06cvpOAmplIt0NVCgaMghWg=
golang.conradwood.net/apis/common v1.1.2943/go.mod h1:PlUzbZRGUbGD1TCqWVkdbfcME2D9qASC/DpwPnzUrBQ=
golang.conradwood.net/apis/deploymonkey v1.1.2878 h1:OujzzACjmaaUGTStr47cDK3KPsmfHKBMB11zixorJZ8=
golang.conradwood.net/apis/deploymonkey v1.1.2878/go.mod h1:VveseNFcZXvklOkO+LGf7a/cCP2hZwRgbc95GnDD+WQ=
golang.conradwood.net/apis/echoservice v1.1.2878 h1:pXlYYXI47B67NqiuFtBI2reM6WDWkT7XrChrOSJR0+E=
golang.conradwood.net/apis/echoservice v1.1.2878/go.mod h1:kxCrozijz8uGBRVr6c6PhtqzKek2l1cPxx2h5evK+yA=
golang.conradwood.net/apis/email v1.1.2777 h1:2pyPr+IJp4C3fjhv7U4jV4scoY/gzIHsaI8pGnwEs3M=
golang.conradwood.net/apis/email v1.1.2777/go.mod h1:lX+FNtJqOJLdAcFE7h1xe0oQM+yYbRfCGo4Ll+XWNNI=
golang.conradwood.net/apis/errorlogger v1.1.2878 h1:hY3+bZnKygUfg4/DmGfkxrqRyNfW+j2otsE6kNnvICM=
golang.conradwood.net/apis/errorlogger v1.1.2878/go.mod h1:fOyCPOYYx+qd535dwcLvcw8x1LRiO/4ocQ4IGScgVw4=
golang.conradwood.net/apis/framework v1.1.2878 h1:7xRD2X9oB5/R/ViA/VSFUsg/Pdb8MSZT9Ant/cq1OEs=
golang.conradwood.net/apis/framework v1.1.2878/go.mod h1:LSeiDLqpKrtZz54UfAEUu+Yr4ifX0DvCl3bHizk65yA=
golang.conradwood.net/apis/goeasyops v1.1.2943 h1:KalGGctnh7W1EC4C9UrXWX/RJtPxuFHTWYZWld6cLDU=
golang.conradwood.net/apis/goeasyops v1.1.2943/go.mod h1:klilqTLTKKJZZcT3hlX/Q3QLW0A9hoXUE6/3rK31+zU=
golang.conradwood.net/apis/grafanadata v1.1.2878 h1:uK/nW3LFgAHQ4hx+VBvMi7ee9TiTVbp8QPA3q5GcQT4=
golang.conradwood.net/apis/grafanadata v1.1.2878/go.mod h1:XgOi/IjxhzKqjidfleuLT9zUdmLMFUO3MxMRXloYooE=
golang.conradwood.net/apis/h2gproxy v1.1.2777 h1:ztDyHX2xHBeBZlROFOr44SeFvbe8eDDKPOdq81TFJZY=
golang.conradwood.net/apis/h2gproxy v1.1.2777/go.mod h1:x9FhbvhMowD355ebd8RGM4mqelzUvrBTLJMNa0LE2c4=
golang.conradwood.net/apis/objectstore v1.1.2878 h1:uHE3diGOG4dR3zxrwaraujARD6egM3RG4pfUFmiKRD0=
golang.conradwood.net/apis/objectstore v1.1.2878/go.mod h1:7Ga27/IWzMUdD4w3j7oK/5OXWeuLTMTZNgNxjbBNshM=
golang.conradwood.net/apis/registry v1.1.2878 h1:gJnrAPtDrKxOckNcYpdDKSklySXTELUL0VWNUTps9lk=
golang.conradwood.net/apis/registry v1.1.2878/go.mod h1:Jtwxs70OWCxJQl5BdAKu4ZbeVbmjS/3qQ6gn1YVFtdk=
golang.conradwood.net/apis/slackgateway v1.1.2777 h1:oeVzLmQjUUey1peyA3TNK0IllsPSF79+PgiV2jOsiN4=
golang.conradwood.net/apis/slackgateway v1.1.2777/go.mod h1:PLDyN50uL6g7ni5oS3cLJemW2MDq5Pkkvd0RSdwL4xM=
golang.conradwood.net/apis/themes v1.1.2777 h1:RMnMaWT+sxdTN0J5SNslh0zyZrCxwHdVe+T7T+AWJnQ=
golang.conradwood.net/apis/themes v1.1.2777/go.mod h1:6hmwqWpg/yF/+X8IechxIiIZqwYXjhWg73x+YhbfS5U=
golang.conradwood.net/go-easyops v0.1.28267 h1:o9RPyluvsc1/RdjV5nHvu6f7o/8OglIKaSWRM4Qei5U=
golang.conradwood.net/go-easyops v0.1.28267/go.mod h1:02KmReDa6G8sTKCcP6Wc8mhh4FVVDgDVNqDBDzvEtn4=
golang.org/x/net v0.26.0 h1:soB7SVo0PWrY4vPW/+ay0jKDNScG2X9wFeYlXIvJsOQ=
golang.org/x/net v0.26.0/go.mod h1:5YKkiSynbBIh3p6iOc/vibscux0x38BZDkn8sCUPxHE=
golang.org/x/sys v0.21.0 h1:rF+pYz3DAGSQAxAu1CbC7catZg4ebC4UIeIhKxBZvws=
golang.org/x/sys v0.21.0/go.mod h1:/VUhepiaJMQUp4+oa/7Zr1D23ma6VTLIYjOOTFZPUcA=
golang.org/x/text v0.16.0 h1:a94ExnEXNtEwYLGJSIUxnWoxoRz/ZcCsV63ROupILh4=
golang.org/x/text v0.16.0/go.mod h1:GhwF1Be+LQoKShO3cGOHzqOgRrGaYc9AvblQOmPVHnI=
golang.yacloud.eu/apis/autodeployer2 v1.1.2897 h1:3nds5+4d7DGIQmI5tQDNeZQCJTYiHmRpi6sxK7RX6yI=
golang.yacloud.eu/apis/autodeployer2 v1.1.2897/go.mod h1:AqC+ISk34OzNT1uHz5w/RvOwqLd7XyKCfgzZZ/8vedY=
golang.yacloud.eu/apis/fscache v1.1.2897 h1:CVqvmToI4juR7e1BCjYWDOjOUQaVq0hemtZfF1MCAPw=
golang.yacloud.eu/apis/fscache v1.1.2897/go.mod h1:G6DgJiHQRdl4OFcr+4ADNQIk33fwKQ7Ff1UUltTa2HQ=
golang.yacloud.eu/apis/messaging v1.1.2948 h1:m63zMtknM6EaCnSKr6FRHGz5zGiqO7lM1cVF0gpjaqw=
golang.yacloud.eu/apis/messaging v1.1.2948/go.mod h1:5f7h2SAFvtr/dtu8hwzHTeWHbjQAIELqiVvjpGRnpjA=
golang.yacloud.eu/apis/session v1.1.2943 h1:auBRO2/StP4adjIovlui9gLr9TOH/b3odK8k5MlwG9Q=
golang.yacloud.eu/apis/session v1.1.2943/go.mod h1:qgptYnvJCH5bKhvf90fXaRoK0v/irNvr7WcP6p6ZJjQ=
golang.yacloud.eu/apis/sessionmanager v1.1.2777 h1:Jlk90KzGAf7nO6wOdmeGaPCnSuwhxZzX6uHk7G+A0Eo=
golang.yacloud.eu/apis/sessionmanager v1.1.2777/go.mod h1:CaYXhb6qRiFcWGv1WSzEmCr+9JGZv+5w5Rv+vqbcbI8=
golang.yacloud.eu/apis/unixipc v1.1.2878 h1:STtmGkrGw4Zo+v+JK5tB84g0gcmZTMcS7759RGX6+RA=
golang.yacloud.eu/apis/unixipc v1.1.2878/go.mod h1:2b/mJ+0z5S+tPqmzDM5XjPdsHpx6RHIEOGOMLYiYsYA=
golang.yacloud.eu/apis/urlcacher v1.1.2878 h1:eoDlvDMaaI2oXQVK7sEAiNUeihRO6ig653cAw78QYlw=
golang.yacloud.eu/apis/urlcacher v1.1.2878/go.mod h1:diMCZjJzOnCVALlNrCLTYRIPtwfVaZ46yshPk2/KIOY=
golang.yacloud.eu/unixipc v0.1.26120 h1:uIHAa9AaUvaqPkFWxqSJNA597zXx93TrHDxOtS7H3PE=
golang.yacloud.eu/unixipc v0.1.26120/go.mod h1:BboKEBCyQzeXbtXowwSLV9U+wI32wq49ZVs72+uO/ZI=
google.golang.org/genproto/googleapis/rpc v0.0.0-20240318140521-94a12d6c2237 h1:NnYq6UN9ReLM9/Y01KWNOWyI5xQ9kbIms5GGJVwS/Yc=
google.golang.org/genproto/googleapis/rpc v0.0.0-20240318140521-94a12d6c2237/go.mod h1:WtryC6hu0hhx87FDGxWCDptyssuo68sk10vYjF+T9fY=
google.golang.org/grpc v1.64.0 h1:KH3VH9y/MgNQg1dE7b3XfVK0GsPSIzJwdF617gUSbvY=
google.golang.org/grpc v1.64.0/go.mod h1:oxjF8E3FBnjp+/gVFYdWacaLDx9na1aqy9oovLpxQYg=
google.golang.org/protobuf v1.34.1 h1:9ddQBjfCyZPOHPUiPxpYESBLc+T8P3E+Vo4IbKZgFWg=
google.golang.org/protobuf v1.34.1/go.mod h1:c6P6GXX6sHbq/GpV6MGZEdwhWPcYBgnhAHhKbcUYpos=
gopkg.in/check.v1 v0.0.0-20161208181325-20d25e280405/go.mod h1:Co6ibVJAznAaIkqp8huTwlJQCZ016jof/cbN4VW5Yz0=
gopkg.in/check.v1 v1.0.0-20201130134442-10cb98267c6c h1:Hei/4ADfdWqJk1ZMxUNpqntNwaWcugrBjAiHlqqRiVk=
gopkg.in/check.v1 v1.0.0-20201130134442-10cb98267c6c/go.mod h1:JHkPIbrfpd72SG/EVd6muEfDQjcINNoR0C8j2r3qZ4Q=
gopkg.in/yaml.v2 v2.4.0 h1:D8xgwECY7CYvx+Y2n4sBz93Jn9JRvxdiyyo8CTfuKaY=
gopkg.in/yaml.v2 v2.4.0/go.mod h1:RDklbk79AGWmwhnvt/jBztapEOGDOx6ZbXqjP6csGnQ=
gopkg.in/yaml.v3 v3.0.1 h1:fxVm/GzAzEWqLHuvctI91KS9hhNmmWOoWu0XTYJS7CA=
gopkg.in/yaml.v3 v3.0.1/go.mod h1:K4uyk7z7BCEPqu6E+C64Yfv1cQ7kz7rIZviUmN+EgEM=
