github.com/beorn7/perks v1.0.1 h1:VlbKKnNfV8bJzeqoa4cOKqO6bYr3WgKZxO8Z16+hsOM=
github.com/beorn7/perks v1.0.1/go.mod h1:G2ZrVWU2WbWT9wwq4/hrbKbnv/1ERSJQ0ibhJ6rlkpw=
github.com/cespare/xxhash/v2 v2.2.0 h1:DC2CZ1Ep5Y4k3ZQ899DldepgrayRUGE6BBZ/cd9Cj44=
github.com/cespare/xxhash/v2 v2.2.0/go.mod h1:VGX0DQ3Q6kWi7AoAeZDth3/j3BFtOZR5XLFGgcrjCOs=
github.com/davecgh/go-spew v1.1.1 h1:vj9j/u1bqnvCEfJOwUhtlOARqs3+rkHYY13jYWTU97c=
github.com/dustin/go-humanize v1.0.1 h1:GzkhY7T5VNhEkwH0PVJgjz+fX1rhBrR7pRT3mDkpeCY=
github.com/dustin/go-humanize v1.0.1/go.mod h1:Mu1zIs6XwVuF/gI1OepvI0qD18qycQx+mFykh5fBlto=
github.com/golang/protobuf v1.2.0/go.mod h1:6lQm79b+lXiMfvg/cZm0SGofjICqVBUtrP5yJMmIC1U=
github.com/golang/protobuf v1.3.5/go.mod h1:6O5/vntMXwX2lRkT1hjjk0nAC1IDOTvTlVgjlRvqsdk=
github.com/golang/protobuf v1.5.0/go.mod h1:FsONVRAS9T7sI+LIUmWTfcYkHO4aIWwzhcaSAoJOfIk=
github.com/golang/protobuf v1.5.2 h1:ROPKBNFfQgOUMifHyP+KYbvpjbdoFNs+aK7DXlji0Tw=
github.com/golang/protobuf v1.5.2/go.mod h1:XVQd3VNwM+JqD3oG2Ue2ip4fOMUkwXdXDdiuN0vRsmY=
github.com/google/go-cmp v0.5.5/go.mod h1:v8dTdLbMG2kIc/vJvl+f65V22dbkXbowE6jgT/gNBxE=
github.com/google/go-cmp v0.5.9 h1:O2Tfq5qg4qc4AmwVlvv0oLiVAGB7enBSJ2x2DqQFi38=
github.com/lib/pq v1.10.7 h1:p7ZhMD+KsSRozJr34udlUrhboJwWAgCg34+/ZZNvZZw=
github.com/lib/pq v1.10.7/go.mod h1:AlVN5x4E4T544tWzH6hKfbfQvm3HdbOxrmggDNAPY9o=
github.com/matttproud/golang_protobuf_extensions v1.0.4 h1:mmDVorXM7PCGKw94cs5zkfA9PSy5pEvNWRP0ET0TIVo=
github.com/matttproud/golang_protobuf_extensions v1.0.4/go.mod h1:BSXmuO+STAnVfrANrmjBb36TMTDstsz7MSK+HVaYKv4=
github.com/prometheus/client_golang v1.14.0 h1:nJdhIvne2eSX/XRAFV9PcvFFRbrjbcTUj0VP62TMhnw=
github.com/prometheus/client_golang v1.14.0/go.mod h1:8vpkKitgIVNcqrRBWh1C4TIUQgYNtG/XQE4E/Zae36Y=
github.com/prometheus/client_model v0.3.0 h1:UBgGFHqYdG/TPFD1B1ogZywDqEkwp3fBMvqdiQ7Xew4=
github.com/prometheus/client_model v0.3.0/go.mod h1:LDGWKZIo7rky3hgvBe+caln+Dr3dPggB5dvjtD7w9+w=
github.com/prometheus/common v0.39.0 h1:oOyhkDq05hPZKItWVBkJ6g6AtGxi+fy7F4JvUV8uhsI=
github.com/prometheus/common v0.39.0/go.mod h1:6XBZ7lYdLCbkAVhwRsWTZn+IN5AB9F/NXd5w0BbEX0Y=
github.com/prometheus/procfs v0.9.0 h1:wzCHvIvM5SxWqYvwgVL7yJY8Lz3PKn49KQtpgMYJfhI=
github.com/prometheus/procfs v0.9.0/go.mod h1:+pB4zwohETzFnmlpe6yd2lSc+0/46IYZRB/chUwxUZY=
golang.conradwood.net/apis/antidos v1.1.2125 h1:EMBRnrLnXLvTU6QKH10eIU2be2J34XdoQc6VCLsVeXg=
golang.conradwood.net/apis/antidos v1.1.2125/go.mod h1:KauWRGHWGwu+FNOwfwkWCxi2JZCZiAxrL9ySo0SJ2nQ=
golang.conradwood.net/apis/antidos v1.1.2155 h1:y/9U2gDUr8x2EFY9cS3C8nxAJVfcjT/ZnruY+73vT/8=
golang.conradwood.net/apis/antidos v1.1.2155/go.mod h1:EELLOwWWJu7BIXm/Z9t4CN42ZCClSi5hZIMcXs/BBEs=
golang.conradwood.net/apis/auth v1.1.2147 h1:SQ9ob7Wl8qFkTsh0rjwH7snoc0Uxsx7Mp64h9B88W1g=
golang.conradwood.net/apis/auth v1.1.2147/go.mod h1:b1/uvd5gMPnfg80ddhT1+PJaCBIowQrg2kpEMOWk/BA=
golang.conradwood.net/apis/auth v1.1.2155 h1:aDkEtwob5zybw2HQjQmYjJA5fC6zkEp/dgV9zQX5LuQ=
golang.conradwood.net/apis/auth v1.1.2155/go.mod h1:YIOUYuT2RWmKjQnNqTU92bPQFBvu+oCA5rGfwqZjLVg=
golang.conradwood.net/apis/autodeployer v1.1.2147 h1:K7sqTXh7ssL7T+oJLpz4W5I2F/cM4siHZPLpD08TnX8=
golang.conradwood.net/apis/autodeployer v1.1.2147/go.mod h1:4rHb8HkdQonr9uFITV3etrvt1X7thsBZ2WUQHYnHHyY=
golang.conradwood.net/apis/autodeployer v1.1.2155 h1:JwwaJfvmuUJCtL4124W8l6pqfIZb1Hux6KFInEoVpjc=
golang.conradwood.net/apis/autodeployer v1.1.2155/go.mod h1:1Q7MNnYRci+CiLzHmg9vQhFjTVrjPKpAOMdOy7OLypk=
golang.conradwood.net/apis/common v1.1.2147 h1:szAsTiyG3eqKtcyB+hPtgFyIDHM0y+9Xq5o4A49PER0=
golang.conradwood.net/apis/common v1.1.2147/go.mod h1:w6FF+lCdZHWiCeedCH/5BrX9FNch78mvYf/ewVlouKE=
golang.conradwood.net/apis/common v1.1.2155 h1:vTRFzTuqdqWWK+PwCc138r3Sm0kHT3t+6Cguh0M+g1s=
golang.conradwood.net/apis/common v1.1.2155/go.mod h1:XMkuUvPYdoopOT3gcD6moC6DIWrcLvxn0PTA2zfJ/vQ=
golang.conradwood.net/apis/deploymonkey v1.1.2147 h1:dtw/cLectTPK9YwWHM9jt8JuZHshs5qzWwcb4yN6enU=
golang.conradwood.net/apis/deploymonkey v1.1.2147/go.mod h1:xUoYCZ5p9WdAGmBPsfyKKyiE2+o7E+tUR6dpsMna0h8=
golang.conradwood.net/apis/deploymonkey v1.1.2155 h1:WJXtnGpRyYWRUaE7ktX4fcqeATUJre/8NUajPAJKxvs=
golang.conradwood.net/apis/deploymonkey v1.1.2155/go.mod h1:nnPlXUeW2TAFemthjFTjFa48b++Ix2S7cAgHdWzsbCw=
golang.conradwood.net/apis/echoservice v1.1.2147 h1:jGlHk5XKs+JbVIJ+y4/RH/BJLv9irgVr07HIJf+ZFk8=
golang.conradwood.net/apis/echoservice v1.1.2147/go.mod h1:G4IZvpV0hfPiaEN6+9P55Hptg989jm8t/voPQ72frRM=
golang.conradwood.net/apis/echoservice v1.1.2155 h1:l1xY1DQ7z2mSQtVEsgtRlM4ocKCgjzCiWmE6mWMFs+c=
golang.conradwood.net/apis/echoservice v1.1.2155/go.mod h1:bzh/o7Y2fTDot12P4OC6nMFceset8QqQG2dbnIxP0rs=
golang.conradwood.net/apis/email v1.1.2125 h1:oThMGaZtOnFcLmtXMwKc6kFr4xpv9nELMT04BwbNRyM=
golang.conradwood.net/apis/email v1.1.2125/go.mod h1:BMZO1Xg1NA9SIEYWA56hfe3zOG4vr3zjwAQ263ABsb8=
golang.conradwood.net/apis/email v1.1.2155 h1:5bQ3hu+NS0C1bXZjuMYqmMerRDRmmrFn2sOo0+eSFYs=
golang.conradwood.net/apis/email v1.1.2155/go.mod h1:CthxzxLVgTg6SIcQmITVlHC5U4mzf+ENCnxND2vVbbA=
golang.conradwood.net/apis/errorlogger v1.1.2147 h1:k7203XmfZ5u1MXzzCBQ2f5ABlRupLZc60rtPnkubI/g=
golang.conradwood.net/apis/errorlogger v1.1.2147/go.mod h1:qSRx52PVQQxcuGIBkC0KHiOjxsnc4WIayci4UKjz+bw=
golang.conradwood.net/apis/errorlogger v1.1.2155 h1:1oP2SSAfujBf1JK6e+jGZnf6g79x8PoRa4BmScnIUgM=
golang.conradwood.net/apis/errorlogger v1.1.2155/go.mod h1:Mg7J/OPFstHpJvu+wUjBBStX/YZNTA6lMEL9ClfbiiM=
golang.conradwood.net/apis/framework v1.1.2147 h1:+l76X16SALkbiYjg9V3f9wuqt6sebaH3hBq6YeffxLY=
golang.conradwood.net/apis/framework v1.1.2147/go.mod h1:BPTDbMyvH797KKVsRnNfljv6cnBTzOxHjoxhNzSF95s=
golang.conradwood.net/apis/framework v1.1.2155 h1:bxpepmS6kQSB5nsCokUp6m5BESqA4LV3YAv0yDfXqOQ=
golang.conradwood.net/apis/framework v1.1.2155/go.mod h1:wxGi1YQbT6eBiBeMASXg64zxSZyHEYNmDrquGqIa67Y=
golang.conradwood.net/apis/goeasyops v1.1.2125 h1:3+Twhw17nt/QeMWPeIBczcq73rAqjEwVRMyUKe7HTXU=
golang.conradwood.net/apis/goeasyops v1.1.2125/go.mod h1:noHis4sA7zsEEkdxX5Rifbimzf9vwWCNJTbEO905QTs=
golang.conradwood.net/apis/goeasyops v1.1.2155 h1:qKWkYOs+vwM17xnaxoTpbnmcPrSyqyObGvfAS7qxpVA=
golang.conradwood.net/apis/goeasyops v1.1.2155/go.mod h1:0mrnV2fn23fEXxoSK8ZK33lcDg/8K4v68jYNt2r2DAc=
golang.conradwood.net/apis/h2gproxy v1.1.2125 h1:VStqWhLmnzQ2+BzMxvMAMG3wk+RoxOWvs3OoZgdUANo=
golang.conradwood.net/apis/h2gproxy v1.1.2125/go.mod h1:zdbXBTFvK04lRtkqyd1hCv0XQsFyFvbI6N7gR9pJHqk=
golang.conradwood.net/apis/h2gproxy v1.1.2155 h1:PM7VotWqWsMiL+VDR9FkIyWMCbuJ0bXkCSGGPrL/byQ=
golang.conradwood.net/apis/h2gproxy v1.1.2155/go.mod h1:Dt1bg/IoMqzUWqav/T0k4C0Eo2K57FgfLWIZzHzkcA4=
golang.conradwood.net/apis/objectstore v1.1.2147 h1:TQXHUfAkGzblbbV/0DO6pl2t6Jl8K00l2U3f03zSpeo=
golang.conradwood.net/apis/objectstore v1.1.2147/go.mod h1:fQMO9qqH0j3Mbpy0emak8t0gin0WQnJr1hxogsRqng8=
golang.conradwood.net/apis/objectstore v1.1.2155 h1:bOWhtmM8CtzSITE2KGVEFN81cSz3Gwe8oa22u7Vti2I=
golang.conradwood.net/apis/objectstore v1.1.2155/go.mod h1:mD0wd/KaPf3BGfNRHSb2R3azj1ZSGaFzBxlzc4TCYao=
golang.conradwood.net/apis/registry v1.1.2147 h1:lzKIZ7kE5NaGbvD9XgpiZmFEiPY54jW1NM9Im1cxAjM=
golang.conradwood.net/apis/registry v1.1.2147/go.mod h1:sarLDbgkKQhTT2lyWBEsYMhkCszdjxvtWk+r4msIhig=
golang.conradwood.net/apis/registry v1.1.2155 h1:XI+9RqBa33L3UQv1xj5WemPsY8rGhGLWAoSUVbLXvM4=
golang.conradwood.net/apis/registry v1.1.2155/go.mod h1:sVGHCU9iAGTiD+b7Q5eqmyisogmMIKEpBod9Qqr7TFw=
golang.conradwood.net/apis/rpcinterceptor v1.1.2147 h1:1hkprGeL43xLoTKu4JEyKACUWva8jeYGTtKrAveFRWw=
golang.conradwood.net/apis/rpcinterceptor v1.1.2147/go.mod h1:QYaMCLJATMZKUjHNqkCMPvEr3Kii0CDzTbr3pkS7YzQ=
golang.conradwood.net/apis/rpcinterceptor v1.1.2155 h1:u+hBOx5EXLuVk1M0AfmUEzWpDqWsasxjN2NyjXzwFxY=
golang.conradwood.net/apis/rpcinterceptor v1.1.2155/go.mod h1:A+to8Jhq4z9ppoQPxY1v1iJ7z/zU/PZ2esXXyYj0qaI=
golang.conradwood.net/apis/slackgateway v1.1.2125 h1:J+7ySM5j8dVxfLXNLbNtPMUapNMBfkVi9AI2M0f1MiY=
golang.conradwood.net/apis/slackgateway v1.1.2125/go.mod h1:R4QX5dmLLl7c78qFZrIvYBjey5bHwRgYPPm0h3xUw94=
golang.conradwood.net/apis/slackgateway v1.1.2155 h1:l13aX7VbBPpx6D7/7lm6MpIF9fII2hiA/1AEgtt28os=
golang.conradwood.net/apis/slackgateway v1.1.2155/go.mod h1:EMcf9IiM10AwmVgqhanDS9K5keKwUJRV/CSzpscMtf4=
golang.conradwood.net/apis/themes v1.1.2125 h1:5f3b4RJdoj9ids+y2UdZJgFDfKS0CncENqhVTEHC6x4=
golang.conradwood.net/apis/themes v1.1.2125/go.mod h1:RFswHVBnX+PS7DnjCNgIaYoJcnIf87pdVXGIZsxgYRQ=
golang.conradwood.net/apis/themes v1.1.2155 h1:c8VTx7v+vaKJnuxFzBCCEK7Y0g1zT8JA2R/KubSn2zE=
golang.conradwood.net/apis/themes v1.1.2155/go.mod h1:nrBwOqGWGJtSXPX5iCmSwkjQcCCwYdL5LSRLLUaNNXc=
golang.conradwood.net/go-easyops v0.1.16499 h1:rN7Fn8U0UVJWXGN+OaKXjCIiU0UnqfCu64wazd7+sps=
golang.conradwood.net/go-easyops v0.1.16499/go.mod h1:WfxhVB8MmdFmUF6tmnSAR5v5PWF1GTrnXeYmkmTIOrs=
golang.conradwood.net/go-easyops v0.1.16588 h1:X6nvoSPUWvIDr/klP7s/ea/6wJUUCW8SWjYItVm8uaw=
golang.conradwood.net/go-easyops v0.1.16588/go.mod h1:WfxhVB8MmdFmUF6tmnSAR5v5PWF1GTrnXeYmkmTIOrs=
golang.org/x/net v0.7.0 h1:rJrUqqhjsgNp7KqAIc25s9pZnjU7TUcSY7HcVZjdn1g=
golang.org/x/net v0.7.0/go.mod h1:2Tu9+aMcznHK/AK1HMvgo6xiTLG5rD5rZLDS+rp2Bjs=
golang.org/x/sync v0.0.0-20181221193216-37e7f081c4d4/go.mod h1:RxMgew5VJxzue5/jJTE5uejpjVlOe/izrB70Jof72aM=
golang.org/x/sys v0.5.0 h1:MUK/U/4lj1t1oPg0HfuXDN/Z1wv31ZJ/YcPiGccS4DU=
golang.org/x/sys v0.5.0/go.mod h1:oPkhp1MJrh7nUepCBck5+mAzfO9JrbApNNgaTdGDITg=
golang.org/x/text v0.7.0 h1:4BRB4x83lYWy72KwLD/qYDuTu7q9PjSagHvijDw7cLo=
golang.org/x/text v0.7.0/go.mod h1:mrYo+phRRbMaCq/xk9113O4dZlRixOauAjOtrjsXDZ8=
golang.org/x/xerrors v0.0.0-20191204190536-9bdfabe68543/go.mod h1:I/5z698sn9Ka8TeJc9MKroUUfqBBauWjQqLJ2OPfmY0=
golang.yacloud.eu/apis/sessionmanager v1.1.2125 h1:AaFiUK08BVGKP+WShUfH8VIZ2vU+G3/ZHbbmh3KkKso=
golang.yacloud.eu/apis/sessionmanager v1.1.2125/go.mod h1:2eMKndffXkx0qqhkUL91ijomDJMnb3vbvG/1F18XQ5Y=
golang.yacloud.eu/apis/sessionmanager v1.1.2155 h1:VlV3lSXboyn1vL9+AQ24sjRTTKejp9a3FCQL8cGlqlI=
golang.yacloud.eu/apis/sessionmanager v1.1.2155/go.mod h1:kjXrwdQlYR8xgOKzyMRL+vKisBFkXOPl0AF2ib90ss0=
golang.yacloud.eu/apis/urlcacher v1.1.2147 h1:QlUXs5k8yaovJa8tU+GVEJHuc2Ms8aU7CiHsS1brZzo=
golang.yacloud.eu/apis/urlcacher v1.1.2147/go.mod h1:79kiDp9JOTpl26iBZSnfBSaDOKiJ9u++13QHmIToTXk=
golang.yacloud.eu/apis/urlcacher v1.1.2155 h1:Fo5DT73xOK6+0VuSF7bIA6rD3DxbJwrnpn4qSTtCY7s=
golang.yacloud.eu/apis/urlcacher v1.1.2155/go.mod h1:PGeWa6iScGTx1xyDx3+JkWkxKDy0pEKJ/fvXMXlSBJ4=
google.golang.org/genproto v0.0.0-20230110181048-76db0878b65f h1:BWUVssLB0HVOSY78gIdvk1dTVYtT1y8SBWtPYuTJ/6w=
google.golang.org/genproto v0.0.0-20230110181048-76db0878b65f/go.mod h1:RGgjbofJ8xD9Sq1VVhDM1Vok1vRONV+rg+CjzG4SZKM=
google.golang.org/grpc v1.53.0 h1:LAv2ds7cmFV/XTS3XG1NneeENYrXGmorPxsBbptIjNc=
google.golang.org/grpc v1.53.0/go.mod h1:OnIrk0ipVdj4N5d9IUoFUx72/VlD7+jUsHwZgwSMQpw=
google.golang.org/protobuf v1.26.0-rc.1/go.mod h1:jlhhOSvTdKEhbULTjvd4ARK9grFBp09yW+WbY/TyQbw=
google.golang.org/protobuf v1.26.0/go.mod h1:9q0QmTI4eRPtz6boOQmLYwt+qCgq0jsYwAQnmE0givc=
google.golang.org/protobuf v1.28.1 h1:d0NfwRgPtno5B1Wa6L2DAG+KivqkdutMf1UhdNx175w=
google.golang.org/protobuf v1.28.1/go.mod h1:HV8QOd/L58Z+nl8r43ehVNZIU/HEI6OcFqwMG9pJV4I=
