github.com/beorn7/perks v1.0.1 h1:VlbKKnNfV8bJzeqoa4cOKqO6bYr3WgKZxO8Z16+hsOM=
github.com/beorn7/perks v1.0.1/go.mod h1:G2ZrVWU2WbWT9wwq4/hrbKbnv/1ERSJQ0ibhJ6rlkpw=
github.com/cespare/xxhash/v2 v2.2.0 h1:DC2CZ1Ep5Y4k3ZQ899DldepgrayRUGE6BBZ/cd9Cj44=
github.com/cespare/xxhash/v2 v2.2.0/go.mod h1:VGX0DQ3Q6kWi7AoAeZDth3/j3BFtOZR5XLFGgcrjCOs=
github.com/davecgh/go-spew v1.1.1 h1:vj9j/u1bqnvCEfJOwUhtlOARqs3+rkHYY13jYWTU97c=
github.com/dustin/go-humanize v1.0.1 h1:GzkhY7T5VNhEkwH0PVJgjz+fX1rhBrR7pRT3mDkpeCY=
github.com/dustin/go-humanize v1.0.1/go.mod h1:Mu1zIs6XwVuF/gI1OepvI0qD18qycQx+mFykh5fBlto=
github.com/golang/protobuf v1.2.0/go.mod h1:6lQm79b+lXiMfvg/cZm0SGofjICqVBUtrP5yJMmIC1U=
github.com/golang/protobuf v1.5.0/go.mod h1:FsONVRAS9T7sI+LIUmWTfcYkHO4aIWwzhcaSAoJOfIk=
github.com/golang/protobuf v1.5.3 h1:KhyjKVUg7Usr/dYsdSqoFveMYd5ko72D+zANwlG1mmg=
github.com/golang/protobuf v1.5.3/go.mod h1:XVQd3VNwM+JqD3oG2Ue2ip4fOMUkwXdXDdiuN0vRsmY=
github.com/google/go-cmp v0.5.5/go.mod h1:v8dTdLbMG2kIc/vJvl+f65V22dbkXbowE6jgT/gNBxE=
github.com/google/go-cmp v0.5.9 h1:O2Tfq5qg4qc4AmwVlvv0oLiVAGB7enBSJ2x2DqQFi38=
github.com/kr/pretty v0.3.1 h1:flRD4NNwYAUpkphVc1HcthR4KEIFJ65n8Mw5qdRn3LE=
github.com/kr/text v0.2.0 h1:5Nx0Ya0ZqY2ygV366QzturHI13Jq95ApcVaJBhpS+AY=
github.com/lib/pq v1.10.9 h1:YXG7RB+JIjhP29X+OtkiDnYaXQwpS4JEWq7dtCCRUEw=
github.com/lib/pq v1.10.9/go.mod h1:AlVN5x4E4T544tWzH6hKfbfQvm3HdbOxrmggDNAPY9o=
github.com/matttproud/golang_protobuf_extensions v1.0.4 h1:mmDVorXM7PCGKw94cs5zkfA9PSy5pEvNWRP0ET0TIVo=
github.com/matttproud/golang_protobuf_extensions v1.0.4/go.mod h1:BSXmuO+STAnVfrANrmjBb36TMTDstsz7MSK+HVaYKv4=
github.com/prometheus/client_golang v1.17.0 h1:rl2sfwZMtSthVU752MqfjQozy7blglC+1SOtjMAMh+Q=
github.com/prometheus/client_golang v1.17.0/go.mod h1:VeL+gMmOAxkS2IqfCq0ZmHSL+LjWfWDUmp1mBz9JgUY=
github.com/prometheus/client_model v0.5.0 h1:VQw1hfvPvk3Uv6Qf29VrPF32JB6rtbgI6cYPYQjL0Qw=
github.com/prometheus/client_model v0.5.0/go.mod h1:dTiFglRmd66nLR9Pv9f0mZi7B7fk5Pm3gvsjB5tr+kI=
github.com/prometheus/common v0.44.0 h1:+5BrQJwiBB9xsMygAB3TNvpQKOwlkc25LbISbrdOOfY=
github.com/prometheus/common v0.44.0/go.mod h1:ofAIvZbQ1e/nugmZGz4/qCb9Ap1VoSTIO7x0VV9VvuY=
github.com/prometheus/procfs v0.12.0 h1:jluTpSng7V9hY0O2R9DzzJHYb2xULk9VTR1V1R/k6Bo=
github.com/prometheus/procfs v0.12.0/go.mod h1:pcuDEFsWDnvcgNzo4EEweacyhjeA9Zk3cnaOZAZEfOo=
github.com/rogpeppe/go-internal v1.10.0 h1:TMyTOH3F/DB16zRVcYyreMH6GnZZrwQVAoYjRBZyWFQ=
golang.conradwood.net/apis/antidos v1.1.2643 h1:KmYaR1JcTKk1+oqvmowNPxwk5YW/6o2ilgyU0kNVHi4=
golang.conradwood.net/apis/antidos v1.1.2643/go.mod h1:Ck52D+MhJ3dV9d7EO6S0mCF+W53dCbCw/p/eXY2/Qo0=
golang.conradwood.net/apis/auth v1.1.2677 h1:sg3Bv69dFW7v5Wj7pPm+HewzBi6Eo8Pc3twmuE/ah9g=
golang.conradwood.net/apis/auth v1.1.2677/go.mod h1:XLoAUqEQEtVgcHVmpNN5oIexHdTLgnB87a0qR+N5Tfg=
golang.conradwood.net/apis/autodeployer v1.1.2673 h1:JeMaFi2rq6HrGVL3LMqHX1/r2olV/NN44ce9S0/AvqU=
golang.conradwood.net/apis/autodeployer v1.1.2673/go.mod h1:03Sql7ICvT0aLHM3+bsoUWhgmYLOUHTNkHF4H7iK/ig=
golang.conradwood.net/apis/common v1.1.2677 h1:1U9CMDnSo9ivjW1h9jdIX2B8Oyz/hQHq6WYVNooH3vE=
golang.conradwood.net/apis/common v1.1.2677/go.mod h1:VJKpE6gzsrCZaYlNZhWq1HBnh/PpeNkG0Zgwm/AQfiQ=
golang.conradwood.net/apis/deploymonkey v1.1.2673 h1:2fcxhyXE3mu/oq1AunHQ872oswnvhgLkHrG74v++SZI=
golang.conradwood.net/apis/deploymonkey v1.1.2673/go.mod h1:HFCkw28WoFIC9VVwq1QfPYf54pOK1YNX87KT9EWefXc=
golang.conradwood.net/apis/echoservice v1.1.2643 h1:NOsricEAP2Rb/mW5HktoIa+Py7/QkJkz4mSKkqZAERo=
golang.conradwood.net/apis/echoservice v1.1.2643/go.mod h1:lbmyZ3AjimLtglge+psHk0oHgdmqSe/D1tnl3WaPyaU=
golang.conradwood.net/apis/email v1.1.2643 h1:i+XFcD8ssjCirlDIg9ZpQ8OFQlPlyMWGEAQMVTTCnPE=
golang.conradwood.net/apis/email v1.1.2643/go.mod h1:YRLq15hMhQaASqqIPdbxy696RFL9n3pf9PMRkphpGbQ=
golang.conradwood.net/apis/errorlogger v1.1.2643 h1:V5725nLUNi8wrtr4hGhBKyPjjr57Pws/INylrzb+3Rc=
golang.conradwood.net/apis/errorlogger v1.1.2643/go.mod h1:dOfOk5TK4qeGgoUfp+dSXGF7evtkzVrcUT0F9Xi97R8=
golang.conradwood.net/apis/framework v1.1.2673 h1:dISjdaE7UZysvLNvvONAB3cWut3QYIe3rUN5gq+z+h8=
golang.conradwood.net/apis/framework v1.1.2673/go.mod h1:M0innTagBlvjVGbXCCmm+pKYeLKVvD66/4ARmHHElGQ=
golang.conradwood.net/apis/goeasyops v1.1.2677 h1:79+oeacXHJA3Ooy8kqKV/oz2bpU1Jo6nV4GadhLNhj0=
golang.conradwood.net/apis/goeasyops v1.1.2677/go.mod h1:SDHNTKdXKSe+NaCp8Rhar7wj4zFqIHH6yJ5nXGuMvKI=
golang.conradwood.net/apis/h2gproxy v1.1.2643 h1:lteiW0J/piovcOLjWZgQQnwmfQsgtRmN7jBlB8AmbuE=
golang.conradwood.net/apis/h2gproxy v1.1.2643/go.mod h1:qTG2sYOdMpPjNuhYPCpDlJ3DDfmrO2l4TzIplSW+BsE=
golang.conradwood.net/apis/objectstore v1.1.2673 h1:jjZpzbN0lRgttfRcvLtidLWgii+ndKGVCdZOnf89nPM=
golang.conradwood.net/apis/objectstore v1.1.2673/go.mod h1:ftawzgZrTVyE1v72FrOtcce6+k7IN0mKkpyJbLcKY1U=
golang.conradwood.net/apis/registry v1.1.2673 h1:zZY5EXJiQFC/C8VpOOxjYjjXkq519/HCfcDyKd8uvd4=
golang.conradwood.net/apis/registry v1.1.2673/go.mod h1:I0G7EChu3mOG1sVMz9uZSsqT7V3QDI+JOa4cmKHb5mc=
golang.conradwood.net/apis/slackgateway v1.1.2643 h1:3Ct9QT0L1EcCF+TTiLpWDwaePPcnSx0n14ZPEv0KIsE=
golang.conradwood.net/apis/slackgateway v1.1.2643/go.mod h1:xqR6PZA+ixd8G1m+I/tyeQgFoOKUmIITS9tDWOVD2Wo=
golang.conradwood.net/apis/themes v1.1.2643 h1:S99O7ueriHHMezWj5sZYody0oz9EQuuYbcVi3SyHPb8=
golang.conradwood.net/apis/themes v1.1.2643/go.mod h1:Wa+klZaFJJr/IGBgdH7UZSoUmHuqTRApziMrR3dfRKg=
golang.conradwood.net/go-easyops v0.1.22181 h1:lrew6FW3oqmaBfzYPrQeZLMNwskv1ecFyxnDkeQD8t0=
golang.conradwood.net/go-easyops v0.1.22181/go.mod h1:FVonA5DssCyFdKLtrlLM7na4zUs4NUtYsEV18faLFcg=
golang.org/x/net v0.18.0 h1:mIYleuAkSbHh0tCv7RvjL3F6ZVbLjq4+R7zbOn3Kokg=
golang.org/x/net v0.18.0/go.mod h1:/czyP5RqHAH4odGYxBJ1qz0+CE5WZ+2j1YgoEo8F2jQ=
golang.org/x/sync v0.0.0-20181221193216-37e7f081c4d4/go.mod h1:RxMgew5VJxzue5/jJTE5uejpjVlOe/izrB70Jof72aM=
golang.org/x/sys v0.14.0 h1:Vz7Qs629MkJkGyHxUlRHizWJRG2j8fbQKjELVSNhy7Q=
golang.org/x/sys v0.14.0/go.mod h1:/VUhepiaJMQUp4+oa/7Zr1D23ma6VTLIYjOOTFZPUcA=
golang.org/x/text v0.14.0 h1:ScX5w1eTa3QqT8oi6+ziP7dTV1S2+ALU0bI+0zXKWiQ=
golang.org/x/text v0.14.0/go.mod h1:18ZOQIKpY8NJVqYksKHtTdi31H5itFRjB5/qKTNYzSU=
golang.org/x/xerrors v0.0.0-20191204190536-9bdfabe68543/go.mod h1:I/5z698sn9Ka8TeJc9MKroUUfqBBauWjQqLJ2OPfmY0=
golang.yacloud.eu/apis/fscache v1.1.2673 h1:2PtHVUxvhXLgn9Ml8QrlVGYFtzpw46CukvPdC8fEzDE=
golang.yacloud.eu/apis/fscache v1.1.2673/go.mod h1:o/mZg92HrxMStvaO1s3uhhy3tk98H7L2xQBL+yf523I=
golang.yacloud.eu/apis/session v1.1.2677 h1:D2FzmszQoqdsZqPCj+cokUFv9B71xYmhjuEsOgCtm6k=
golang.yacloud.eu/apis/session v1.1.2677/go.mod h1:ZccHIWDRORucW7QYYDLfMDMlcpFaO0OkDiquuCp00Dg=
golang.yacloud.eu/apis/sessionmanager v1.1.2673 h1:xZZnDuSIU4Pyv0keBa/OmMe0f60A44rvNyFTIyHjHEA=
golang.yacloud.eu/apis/sessionmanager v1.1.2673/go.mod h1:XfMRU4ogOs1pBeSyXRQdLXAifiCzRcY0s/ULDEqAKY8=
golang.yacloud.eu/apis/urlcacher v1.1.2643 h1:IOc+fMop9Yj3oarn91nsvwtlz5TXxpw6BNX+i7DlG+M=
golang.yacloud.eu/apis/urlcacher v1.1.2643/go.mod h1:bjRGeCBAEgwmHJoiCqiI/wTmi8rYyNSYgT5G/8ZtegQ=
google.golang.org/genproto/googleapis/rpc v0.0.0-20230822172742-b8732ec3820d h1:uvYuEyMHKNt+lT4K3bN6fGswmK8qSvcreM3BwjDh+y4=
google.golang.org/genproto/googleapis/rpc v0.0.0-20230822172742-b8732ec3820d/go.mod h1:+Bk1OCOj40wS2hwAMA+aCW9ypzm63QTBBHp6lQ3p+9M=
google.golang.org/grpc v1.59.0 h1:Z5Iec2pjwb+LEOqzpB2MR12/eKFhDPhuqW91O+4bwUk=
google.golang.org/grpc v1.59.0/go.mod h1:aUPDwccQo6OTjy7Hct4AfBPD1GptF4fyUjIkQ9YtF98=
google.golang.org/protobuf v1.26.0-rc.1/go.mod h1:jlhhOSvTdKEhbULTjvd4ARK9grFBp09yW+WbY/TyQbw=
google.golang.org/protobuf v1.26.0/go.mod h1:9q0QmTI4eRPtz6boOQmLYwt+qCgq0jsYwAQnmE0givc=
google.golang.org/protobuf v1.31.0 h1:g0LDEJHgrBl9N9r17Ru3sqWhkIx2NB67okBHPwC7hs8=
google.golang.org/protobuf v1.31.0/go.mod h1:HV8QOd/L58Z+nl8r43ehVNZIU/HEI6OcFqwMG9pJV4I=
gopkg.in/check.v1 v0.0.0-20161208181325-20d25e280405/go.mod h1:Co6ibVJAznAaIkqp8huTwlJQCZ016jof/cbN4VW5Yz0=
gopkg.in/check.v1 v1.0.0-20201130134442-10cb98267c6c h1:Hei/4ADfdWqJk1ZMxUNpqntNwaWcugrBjAiHlqqRiVk=
gopkg.in/yaml.v2 v2.4.0 h1:D8xgwECY7CYvx+Y2n4sBz93Jn9JRvxdiyyo8CTfuKaY=
gopkg.in/yaml.v2 v2.4.0/go.mod h1:RDklbk79AGWmwhnvt/jBztapEOGDOx6ZbXqjP6csGnQ=
